Microsoft Visual Studio Solution File, Format Version 11.00
# Visual Studio 2008

Project("{5D150444-B35E-B0D3-F7F3-462960A92B8A}") = "ProjetoMega", "Assembly-CSharp.csproj", "{4F878E0E-6044-31AF-D17B-0757B5B832BE}"
EndProject
Global
	GlobalSection(SolutionConfigurationPlatforms) = preSolution
		Debug|Any CPU = Debug|Any CPU
		Release|Any CPU = Release|Any CPU
	EndGlobalSection
	GlobalSection(ProjectConfigurationPlatforms) = postSolution
		{4F878E0E-6044-31AF-D17B-0757B5B832BE}.Debug|Any CPU.ActiveCfg = Debug|Any CPU
		{4F878E0E-6044-31AF-D17B-0757B5B832BE}.Debug|Any CPU.Build.0 = Debug|Any CPU
		{4F878E0E-6044-31AF-D17B-0757B5B832BE}.Release|Any CPU.ActiveCfg = Release|Any CPU
		{4F878E0E-6044-31AF-D17B-0757B5B832BE}.Release|Any CPU.Build.0 = Release|Any CPU
	EndGlobalSection
	GlobalSection(SolutionProperties) = preSolution
		HideSolutionNode = FALSE
	EndGlobalSection
	GlobalSection(MonoDevelopProperties) = preSolution
		StartupItem = Assembly-CSharp.csproj
	EndGlobalSection
EndGlobal
